<?xml version="1.0" encoding="UTF-8"?>
<Project ToolsVersion="14.0" xmlns="http://schemas.microsoft.com/developer/msbuild/2003">
  <ItemGroup>
    <ClCompile Include="C:\Users\JARVIS\Google Drive\5. semester\Robotter i Kontekst\code\Bug_Algo\code\readpgmtest.cpp">
      <Filter>Source Files</Filter>
    </ClCompile>
    <ClCompile Include="C:\Users\JARVIS\Google Drive\5. semester\Robotter i Kontekst\code\Bug_Algo\code\PPMLoader.cpp">
      <Filter>Source Files</Filter>
    </ClCompile>
    <ClCompile Include="C:\Users\JARVIS\Google Drive\5. semester\Robotter i Kontekst\code\Bug_Algo\code\Image.cpp">
      <Filter>Source Files</Filter>
    </ClCompile>
  </ItemGroup>
  <ItemGroup>
    <CustomBuild Include="C:\Users\JARVIS\Google Drive\5. semester\Robotter i Kontekst\code\Bug_Algo\code\CMakeLists.txt" />
  </ItemGroup>
  <ItemGroup>
    <Filter Include="Source Files">
      <UniqueIdentifier>{AEE8DD22-5DB0-3AEF-98D5-84111492B5B6}</UniqueIdentifier>
    </Filter>
  </ItemGroup>
</Project>
