Microsoft Visual Studio Solution File, Format Version 12.00
# Visual Studio 14
Project("{8BC9CEB8-8B4A-11D0-8D11-00A0C91BC942}") = "ALL_BUILD", "ALL_BUILD.vcxproj", "{AE837B8F-2AA1-3B67-B515-05533E7EDCA0}"
	ProjectSection(ProjectDependencies) = postProject
		{A10B8606-E995-370A-953B-7B88AAEB6672} = {A10B8606-E995-370A-953B-7B88AAEB6672}
		{CF71412B-6AB5-329D-9C3E-0802F68A5C9D} = {CF71412B-6AB5-329D-9C3E-0802F68A5C9D}
	EndProjectSection
EndProject
Project("{8BC9CEB8-8B4A-11D0-8D11-00A0C91BC942}") = "ZERO_CHECK", "ZERO_CHECK.vcxproj", "{A10B8606-E995-370A-953B-7B88AAEB6672}"
	ProjectSection(ProjectDependencies) = postProject
	EndProjectSection
EndProject
Project("{8BC9CEB8-8B4A-11D0-8D11-00A0C91BC942}") = "readpgmtest", "readpgmtest.vcxproj", "{CF71412B-6AB5-329D-9C3E-0802F68A5C9D}"
	ProjectSection(ProjectDependencies) = postProject
		{A10B8606-E995-370A-953B-7B88AAEB6672} = {A10B8606-E995-370A-953B-7B88AAEB6672}
	EndProjectSection
EndProject
Global
	GlobalSection(SolutionConfigurationPlatforms) = preSolution
		Debug|Win32 = Debug|Win32
		Release|Win32 = Release|Win32
		MinSizeRel|Win32 = MinSizeRel|Win32
		RelWithDebInfo|Win32 = RelWithDebInfo|Win32
	EndGlobalSection
	GlobalSection(ProjectConfigurationPlatforms) = postSolution
		{AE837B8F-2AA1-3B67-B515-05533E7EDCA0}.Debug|Win32.ActiveCfg = Debug|Win32
		{AE837B8F-2AA1-3B67-B515-05533E7EDCA0}.Release|Win32.ActiveCfg = Release|Win32
		{AE837B8F-2AA1-3B67-B515-05533E7EDCA0}.MinSizeRel|Win32.ActiveCfg = MinSizeRel|Win32
		{AE837B8F-2AA1-3B67-B515-05533E7EDCA0}.RelWithDebInfo|Win32.ActiveCfg = RelWithDebInfo|Win32
		{A10B8606-E995-370A-953B-7B88AAEB6672}.Debug|Win32.ActiveCfg = Debug|Win32
		{A10B8606-E995-370A-953B-7B88AAEB6672}.Debug|Win32.Build.0 = Debug|Win32
		{A10B8606-E995-370A-953B-7B88AAEB6672}.Release|Win32.ActiveCfg = Release|Win32
		{A10B8606-E995-370A-953B-7B88AAEB6672}.Release|Win32.Build.0 = Release|Win32
		{A10B8606-E995-370A-953B-7B88AAEB6672}.MinSizeRel|Win32.ActiveCfg = MinSizeRel|Win32
		{A10B8606-E995-370A-953B-7B88AAEB6672}.MinSizeRel|Win32.Build.0 = MinSizeRel|Win32
		{A10B8606-E995-370A-953B-7B88AAEB6672}.RelWithDebInfo|Win32.ActiveCfg = RelWithDebInfo|Win32
		{A10B8606-E995-370A-953B-7B88AAEB6672}.RelWithDebInfo|Win32.Build.0 = RelWithDebInfo|Win32
		{CF71412B-6AB5-329D-9C3E-0802F68A5C9D}.Debug|Win32.ActiveCfg = Debug|Win32
		{CF71412B-6AB5-329D-9C3E-0802F68A5C9D}.Debug|Win32.Build.0 = Debug|Win32
		{CF71412B-6AB5-329D-9C3E-0802F68A5C9D}.Release|Win32.ActiveCfg = Release|Win32
		{CF71412B-6AB5-329D-9C3E-0802F68A5C9D}.Release|Win32.Build.0 = Release|Win32
		{CF71412B-6AB5-329D-9C3E-0802F68A5C9D}.MinSizeRel|Win32.ActiveCfg = MinSizeRel|Win32
		{CF71412B-6AB5-329D-9C3E-0802F68A5C9D}.MinSizeRel|Win32.Build.0 = MinSizeRel|Win32
		{CF71412B-6AB5-329D-9C3E-0802F68A5C9D}.RelWithDebInfo|Win32.ActiveCfg = RelWithDebInfo|Win32
		{CF71412B-6AB5-329D-9C3E-0802F68A5C9D}.RelWithDebInfo|Win32.Build.0 = RelWithDebInfo|Win32
	EndGlobalSection
	GlobalSection(ExtensibilityGlobals) = postSolution
	EndGlobalSection
	GlobalSection(ExtensibilityAddIns) = postSolution
	EndGlobalSection
EndGlobal
